
Microsoft Visual Studio Solution File, Format Version 12.00
# Visual Studio 15
Project("{FAE04EC0-301F-11D3-BF4B-00C04F79EFBC}") = "Goody.Android", "Goody.Android\Goody.Android.csproj", "{02B08DBA-7C29-4751-8152-A8A5F78BB247}"
EndProject
Project("{FAE04EC0-301F-11D3-BF4B-00C04F79EFBC}") = "Goody.iOS", "Goody.iOS\Goody.iOS.csproj", "{8389B748-6679-4044-9F25-982588E23686}"
EndProject
Project("{FAE04EC0-301F-11D3-BF4B-00C04F79EFBC}") = "Goody.UITests", "Goody.UITests\Goody.UITests.csproj", "{B19C892E-2628-4CA7-AD27-08D406A3B14B}"
EndProject
Project("{FAE04EC0-301F-11D3-BF4B-00C04F79EFBC}") = "Goody", "Goody\Goody.csproj", "{3ED9DA1C-2737-4862-B0F7-CFFDB63075FC}"
EndProject
Global
	GlobalSection(SolutionConfigurationPlatforms) = preSolution
		Debug|Any CPU = Debug|Any CPU
		Release|Any CPU = Release|Any CPU
		Debug|iPhoneSimulator = Debug|iPhoneSimulator
		Release|iPhoneSimulator = Release|iPhoneSimulator
		Debug|iPhone = Debug|iPhone
		Release|iPhone = Release|iPhone
		Ad-Hoc|iPhone = Ad-Hoc|iPhone
		AppStore|iPhone = AppStore|iPhone
	EndGlobalSection
	GlobalSection(ProjectConfigurationPlatforms) = postSolution
		{02B08DBA-7C29-4751-8152-A8A5F78BB247}.Debug|Any CPU.ActiveCfg = Debug|Any CPU
		{02B08DBA-7C29-4751-8152-A8A5F78BB247}.Debug|Any CPU.Build.0 = Debug|Any CPU
		{02B08DBA-7C29-4751-8152-A8A5F78BB247}.Release|Any CPU.ActiveCfg = Release|Any CPU
		{02B08DBA-7C29-4751-8152-A8A5F78BB247}.Release|Any CPU.Build.0 = Release|Any CPU
		{02B08DBA-7C29-4751-8152-A8A5F78BB247}.Debug|iPhoneSimulator.ActiveCfg = Debug|Any CPU
		{02B08DBA-7C29-4751-8152-A8A5F78BB247}.Debug|iPhoneSimulator.Build.0 = Debug|Any CPU
		{02B08DBA-7C29-4751-8152-A8A5F78BB247}.Release|iPhoneSimulator.ActiveCfg = Release|Any CPU
		{02B08DBA-7C29-4751-8152-A8A5F78BB247}.Release|iPhoneSimulator.Build.0 = Release|Any CPU
		{02B08DBA-7C29-4751-8152-A8A5F78BB247}.Debug|iPhone.ActiveCfg = Debug|Any CPU
		{02B08DBA-7C29-4751-8152-A8A5F78BB247}.Debug|iPhone.Build.0 = Debug|Any CPU
		{02B08DBA-7C29-4751-8152-A8A5F78BB247}.Release|iPhone.ActiveCfg = Release|Any CPU
		{02B08DBA-7C29-4751-8152-A8A5F78BB247}.Release|iPhone.Build.0 = Release|Any CPU
		{02B08DBA-7C29-4751-8152-A8A5F78BB247}.Ad-Hoc|iPhone.ActiveCfg = Debug|Any CPU
		{02B08DBA-7C29-4751-8152-A8A5F78BB247}.Ad-Hoc|iPhone.Build.0 = Debug|Any CPU
		{02B08DBA-7C29-4751-8152-A8A5F78BB247}.AppStore|iPhone.ActiveCfg = Debug|Any CPU
		{02B08DBA-7C29-4751-8152-A8A5F78BB247}.AppStore|iPhone.Build.0 = Debug|Any CPU
		{8389B748-6679-4044-9F25-982588E23686}.Debug|Any CPU.ActiveCfg = Debug|iPhoneSimulator
		{8389B748-6679-4044-9F25-982588E23686}.Debug|Any CPU.Build.0 = Debug|iPhoneSimulator
		{8389B748-6679-4044-9F25-982588E23686}.Release|Any CPU.ActiveCfg = Release|iPhoneSimulator
		{8389B748-6679-4044-9F25-982588E23686}.Release|Any CPU.Build.0 = Release|iPhoneSimulator
		{8389B748-6679-4044-9F25-982588E23686}.Debug|iPhoneSimulator.ActiveCfg = Debug|iPhoneSimulator
		{8389B748-6679-4044-9F25-982588E23686}.Debug|iPhoneSimulator.Build.0 = Debug|iPhoneSimulator
		{8389B748-6679-4044-9F25-982588E23686}.Release|iPhoneSimulator.ActiveCfg = Release|iPhoneSimulator
		{8389B748-6679-4044-9F25-982588E23686}.Release|iPhoneSimulator.Build.0 = Release|iPhoneSimulator
		{8389B748-6679-4044-9F25-982588E23686}.Debug|iPhone.ActiveCfg = Debug|iPhone
		{8389B748-6679-4044-9F25-982588E23686}.Debug|iPhone.Build.0 = Debug|iPhone
		{8389B748-6679-4044-9F25-982588E23686}.Release|iPhone.ActiveCfg = Release|iPhone
		{8389B748-6679-4044-9F25-982588E23686}.Release|iPhone.Build.0 = Release|iPhone
		{8389B748-6679-4044-9F25-982588E23686}.Ad-Hoc|iPhone.ActiveCfg = Ad-Hoc|iPhone
		{8389B748-6679-4044-9F25-982588E23686}.Ad-Hoc|iPhone.Build.0 = Ad-Hoc|iPhone
		{8389B748-6679-4044-9F25-982588E23686}.AppStore|iPhone.ActiveCfg = AppStore|iPhone
		{8389B748-6679-4044-9F25-982588E23686}.AppStore|iPhone.Build.0 = AppStore|iPhone
		{B19C892E-2628-4CA7-AD27-08D406A3B14B}.Debug|Any CPU.ActiveCfg = Debug|Any CPU
		{B19C892E-2628-4CA7-AD27-08D406A3B14B}.Debug|Any CPU.Build.0 = Debug|Any CPU
		{B19C892E-2628-4CA7-AD27-08D406A3B14B}.Release|Any CPU.ActiveCfg = Release|Any CPU
		{B19C892E-2628-4CA7-AD27-08D406A3B14B}.Release|Any CPU.Build.0 = Release|Any CPU
		{B19C892E-2628-4CA7-AD27-08D406A3B14B}.Debug|iPhoneSimulator.ActiveCfg = Debug|Any CPU
		{B19C892E-2628-4CA7-AD27-08D406A3B14B}.Debug|iPhoneSimulator.Build.0 = Debug|Any CPU
		{B19C892E-2628-4CA7-AD27-08D406A3B14B}.Release|iPhoneSimulator.ActiveCfg = Release|Any CPU
		{B19C892E-2628-4CA7-AD27-08D406A3B14B}.Release|iPhoneSimulator.Build.0 = Release|Any CPU
		{B19C892E-2628-4CA7-AD27-08D406A3B14B}.Debug|iPhone.ActiveCfg = Debug|Any CPU
		{B19C892E-2628-4CA7-AD27-08D406A3B14B}.Debug|iPhone.Build.0 = Debug|Any CPU
		{B19C892E-2628-4CA7-AD27-08D406A3B14B}.Release|iPhone.ActiveCfg = Release|Any CPU
		{B19C892E-2628-4CA7-AD27-08D406A3B14B}.Release|iPhone.Build.0 = Release|Any CPU
		{B19C892E-2628-4CA7-AD27-08D406A3B14B}.Ad-Hoc|iPhone.ActiveCfg = Debug|Any CPU
		{B19C892E-2628-4CA7-AD27-08D406A3B14B}.Ad-Hoc|iPhone.Build.0 = Debug|Any CPU
		{B19C892E-2628-4CA7-AD27-08D406A3B14B}.AppStore|iPhone.ActiveCfg = Debug|Any CPU
		{B19C892E-2628-4CA7-AD27-08D406A3B14B}.AppStore|iPhone.Build.0 = Debug|Any CPU
		{3ED9DA1C-2737-4862-B0F7-CFFDB63075FC}.Debug|Any CPU.ActiveCfg = Debug|Any CPU
		{3ED9DA1C-2737-4862-B0F7-CFFDB63075FC}.Debug|Any CPU.Build.0 = Debug|Any CPU
		{3ED9DA1C-2737-4862-B0F7-CFFDB63075FC}.Release|Any CPU.ActiveCfg = Release|Any CPU
		{3ED9DA1C-2737-4862-B0F7-CFFDB63075FC}.Release|Any CPU.Build.0 = Release|Any CPU
		{3ED9DA1C-2737-4862-B0F7-CFFDB63075FC}.Debug|iPhoneSimulator.ActiveCfg = Debug|Any CPU
		{3ED9DA1C-2737-4862-B0F7-CFFDB63075FC}.Debug|iPhoneSimulator.Build.0 = Debug|Any CPU
		{3ED9DA1C-2737-4862-B0F7-CFFDB63075FC}.Release|iPhoneSimulator.ActiveCfg = Release|Any CPU
		{3ED9DA1C-2737-4862-B0F7-CFFDB63075FC}.Release|iPhoneSimulator.Build.0 = Release|Any CPU
		{3ED9DA1C-2737-4862-B0F7-CFFDB63075FC}.Debug|iPhone.ActiveCfg = Debug|Any CPU
		{3ED9DA1C-2737-4862-B0F7-CFFDB63075FC}.Debug|iPhone.Build.0 = Debug|Any CPU
		{3ED9DA1C-2737-4862-B0F7-CFFDB63075FC}.Release|iPhone.ActiveCfg = Release|Any CPU
		{3ED9DA1C-2737-4862-B0F7-CFFDB63075FC}.Release|iPhone.Build.0 = Release|Any CPU
		{3ED9DA1C-2737-4862-B0F7-CFFDB63075FC}.Ad-Hoc|iPhone.ActiveCfg = Debug|Any CPU
		{3ED9DA1C-2737-4862-B0F7-CFFDB63075FC}.Ad-Hoc|iPhone.Build.0 = Debug|Any CPU
		{3ED9DA1C-2737-4862-B0F7-CFFDB63075FC}.AppStore|iPhone.ActiveCfg = Debug|Any CPU
		{3ED9DA1C-2737-4862-B0F7-CFFDB63075FC}.AppStore|iPhone.Build.0 = Debug|Any CPU
	EndGlobalSection
EndGlobal
